
Microsoft Visual Studio Solution File, Format Version 12.00
# Visual Studio 2012
Project("{FAE04EC0-301F-11D3-BF4B-00C04F79EFBC}") = "GenDataLayer", "GenDataLayer\GenDataLayer.csproj", "{5C7A381C-5674-42B0-982F-D832C04CCBBF}"
EndProject
Project("{FAE04EC0-301F-11D3-BF4B-00C04F79EFBC}") = "Module 1 - School Management Central Administration", "Module 1 - School Management Central Administration\Module 1 - School Management Central Administration.csproj", "{46209395-E452-4022-8928-2FE5A133B2EF}"
EndProject
Project("{FAE04EC0-301F-11D3-BF4B-00C04F79EFBC}") = "UtilityManager", "UtilityManager\UtilityManager.csproj", "{52F42C75-B40E-4FCA-9C57-3DAB29618A30}"
EndProject
Project("{FAE04EC0-301F-11D3-BF4B-00C04F79EFBC}") = "Module 3 - Cashiering", "Module 3 - Cashiering\Module 3 - Cashiering\Module 3 - Cashiering.csproj", "{E3C181DC-0D52-450E-AC6D-D0D6B3E70449}"
EndProject
Project("{FAE04EC0-301F-11D3-BF4B-00C04F79EFBC}") = "Module 2 - Registration", "Module 2 - Registration\Module 2 - Registration\Module 2 - Registration.csproj", "{10FABBBB-2786-4283-8DB7-A85749623BA2}"
EndProject
Global
	GlobalSection(TeamFoundationVersionControl) = preSolution
		SccNumberOfProjects = 7
		SccEnterpriseProvider = {4CA58AB2-18FA-4F8D-95D4-32DDF27D184C}
		SccTeamFoundationServer = http://josh-pc:8080/tfs/myproject01
		SccLocalPath0 = .
		SccProjectUniqueName1 = SchoolManagement\\SchoolManagement.csproj
		SccProjectName1 = SchoolManagement
		SccLocalPath1 = SchoolManagement
		SccProjectUniqueName2 = GenDataLayer\\GenDataLayer.csproj
		SccProjectName2 = GenDataLayer
		SccLocalPath2 = GenDataLayer
		SccProjectUniqueName3 = Module\u00202\u0020-\u0020School\u0020Subject\u0020Management\\Module\u00202\u0020-\u0020School\u0020Subject\u0020Management.csproj
		SccProjectName3 = Module\u00202\u0020-\u0020School\u0020Subject\u0020Management
		SccLocalPath3 = Module\u00202\u0020-\u0020School\u0020Subject\u0020Management
		SccProjectUniqueName4 = StudentRegistration\\StudentRegistration.csproj
		SccProjectName4 = ../EnrollmentSystem/StudentRegistration
		SccLocalPath4 = StudentRegistration
		SccProjectUniqueName5 = Module\u00201\u0020-\u0020School\u0020Management\u0020Central\u0020Administration\\Module\u00201\u0020-\u0020School\u0020Management\u0020Central\u0020Administration.csproj
		SccProjectName5 = Module\u00201\u0020-\u0020School\u0020Management\u0020Central\u0020Administration
		SccLocalPath5 = Module\u00201\u0020-\u0020School\u0020Management\u0020Central\u0020Administration
		SccProjectUniqueName6 = UtilityManager\\UtilityManager.csproj
		SccProjectName6 = UtilityManager
		SccLocalPath6 = UtilityManager
	EndGlobalSection
	GlobalSection(SolutionConfigurationPlatforms) = preSolution
		CD_ROM|Any CPU = CD_ROM|Any CPU
		CD_ROM|Mixed Platforms = CD_ROM|Mixed Platforms
		CD_ROM|x86 = CD_ROM|x86
		Debug|Any CPU = Debug|Any CPU
		Debug|Mixed Platforms = Debug|Mixed Platforms
		Debug|x86 = Debug|x86
		DVD-5|Any CPU = DVD-5|Any CPU
		DVD-5|Mixed Platforms = DVD-5|Mixed Platforms
		DVD-5|x86 = DVD-5|x86
		Release|Any CPU = Release|Any CPU
		Release|Mixed Platforms = Release|Mixed Platforms
		Release|x86 = Release|x86
		SingleImage|Any CPU = SingleImage|Any CPU
		SingleImage|Mixed Platforms = SingleImage|Mixed Platforms
		SingleImage|x86 = SingleImage|x86
	EndGlobalSection
	GlobalSection(ProjectConfigurationPlatforms) = postSolution
		{5C7A381C-5674-42B0-982F-D832C04CCBBF}.CD_ROM|Any CPU.ActiveCfg = Release|Any CPU
		{5C7A381C-5674-42B0-982F-D832C04CCBBF}.CD_ROM|Any CPU.Build.0 = Release|Any CPU
		{5C7A381C-5674-42B0-982F-D832C04CCBBF}.CD_ROM|Mixed Platforms.ActiveCfg = Release|Any CPU
		{5C7A381C-5674-42B0-982F-D832C04CCBBF}.CD_ROM|Mixed Platforms.Build.0 = Release|Any CPU
		{5C7A381C-5674-42B0-982F-D832C04CCBBF}.CD_ROM|x86.ActiveCfg = Release|Any CPU
		{5C7A381C-5674-42B0-982F-D832C04CCBBF}.Debug|Any CPU.ActiveCfg = Debug|Any CPU
		{5C7A381C-5674-42B0-982F-D832C04CCBBF}.Debug|Any CPU.Build.0 = Debug|Any CPU
		{5C7A381C-5674-42B0-982F-D832C04CCBBF}.Debug|Mixed Platforms.ActiveCfg = Debug|Any CPU
		{5C7A381C-5674-42B0-982F-D832C04CCBBF}.Debug|Mixed Platforms.Build.0 = Debug|Any CPU
		{5C7A381C-5674-42B0-982F-D832C04CCBBF}.Debug|x86.ActiveCfg = Debug|Any CPU
		{5C7A381C-5674-42B0-982F-D832C04CCBBF}.DVD-5|Any CPU.ActiveCfg = Debug|Any CPU
		{5C7A381C-5674-42B0-982F-D832C04CCBBF}.DVD-5|Any CPU.Build.0 = Debug|Any CPU
		{5C7A381C-5674-42B0-982F-D832C04CCBBF}.DVD-5|Mixed Platforms.ActiveCfg = Debug|Any CPU
		{5C7A381C-5674-42B0-982F-D832C04CCBBF}.DVD-5|Mixed Platforms.Build.0 = Debug|Any CPU
		{5C7A381C-5674-42B0-982F-D832C04CCBBF}.DVD-5|x86.ActiveCfg = Debug|Any CPU
		{5C7A381C-5674-42B0-982F-D832C04CCBBF}.Release|Any CPU.ActiveCfg = Release|Any CPU
		{5C7A381C-5674-42B0-982F-D832C04CCBBF}.Release|Any CPU.Build.0 = Release|Any CPU
		{5C7A381C-5674-42B0-982F-D832C04CCBBF}.Release|Mixed Platforms.ActiveCfg = Release|Any CPU
		{5C7A381C-5674-42B0-982F-D832C04CCBBF}.Release|Mixed Platforms.Build.0 = Release|Any CPU
		{5C7A381C-5674-42B0-982F-D832C04CCBBF}.Release|x86.ActiveCfg = Release|Any CPU
		{5C7A381C-5674-42B0-982F-D832C04CCBBF}.SingleImage|Any CPU.ActiveCfg = Release|Any CPU
		{5C7A381C-5674-42B0-982F-D832C04CCBBF}.SingleImage|Any CPU.Build.0 = Release|Any CPU
		{5C7A381C-5674-42B0-982F-D832C04CCBBF}.SingleImage|Mixed Platforms.ActiveCfg = Release|Any CPU
		{5C7A381C-5674-42B0-982F-D832C04CCBBF}.SingleImage|Mixed Platforms.Build.0 = Release|Any CPU
		{5C7A381C-5674-42B0-982F-D832C04CCBBF}.SingleImage|x86.ActiveCfg = Release|Any CPU
		{46209395-E452-4022-8928-2FE5A133B2EF}.CD_ROM|Any CPU.ActiveCfg = Release|x86
		{46209395-E452-4022-8928-2FE5A133B2EF}.CD_ROM|Mixed Platforms.ActiveCfg = Release|x86
		{46209395-E452-4022-8928-2FE5A133B2EF}.CD_ROM|Mixed Platforms.Build.0 = Release|x86
		{46209395-E452-4022-8928-2FE5A133B2EF}.CD_ROM|x86.ActiveCfg = Release|x86
		{46209395-E452-4022-8928-2FE5A133B2EF}.CD_ROM|x86.Build.0 = Release|x86
		{46209395-E452-4022-8928-2FE5A133B2EF}.Debug|Any CPU.ActiveCfg = Debug|x86
		{46209395-E452-4022-8928-2FE5A133B2EF}.Debug|Mixed Platforms.ActiveCfg = Debug|x86
		{46209395-E452-4022-8928-2FE5A133B2EF}.Debug|Mixed Platforms.Build.0 = Debug|x86
		{46209395-E452-4022-8928-2FE5A133B2EF}.Debug|x86.ActiveCfg = Debug|x86
		{46209395-E452-4022-8928-2FE5A133B2EF}.Debug|x86.Build.0 = Debug|x86
		{46209395-E452-4022-8928-2FE5A133B2EF}.DVD-5|Any CPU.ActiveCfg = Debug|x86
		{46209395-E452-4022-8928-2FE5A133B2EF}.DVD-5|Mixed Platforms.ActiveCfg = Debug|x86
		{46209395-E452-4022-8928-2FE5A133B2EF}.DVD-5|Mixed Platforms.Build.0 = Debug|x86
		{46209395-E452-4022-8928-2FE5A133B2EF}.DVD-5|x86.ActiveCfg = Debug|x86
		{46209395-E452-4022-8928-2FE5A133B2EF}.DVD-5|x86.Build.0 = Debug|x86
		{46209395-E452-4022-8928-2FE5A133B2EF}.Release|Any CPU.ActiveCfg = Release|x86
		{46209395-E452-4022-8928-2FE5A133B2EF}.Release|Mixed Platforms.ActiveCfg = Release|x86
		{46209395-E452-4022-8928-2FE5A133B2EF}.Release|Mixed Platforms.Build.0 = Release|x86
		{46209395-E452-4022-8928-2FE5A133B2EF}.Release|x86.ActiveCfg = Release|x86
		{46209395-E452-4022-8928-2FE5A133B2EF}.Release|x86.Build.0 = Release|x86
		{46209395-E452-4022-8928-2FE5A133B2EF}.SingleImage|Any CPU.ActiveCfg = Release|x86
		{46209395-E452-4022-8928-2FE5A133B2EF}.SingleImage|Mixed Platforms.ActiveCfg = Release|x86
		{46209395-E452-4022-8928-2FE5A133B2EF}.SingleImage|Mixed Platforms.Build.0 = Release|x86
		{46209395-E452-4022-8928-2FE5A133B2EF}.SingleImage|x86.ActiveCfg = Release|x86
		{46209395-E452-4022-8928-2FE5A133B2EF}.SingleImage|x86.Build.0 = Release|x86
		{52F42C75-B40E-4FCA-9C57-3DAB29618A30}.CD_ROM|Any CPU.ActiveCfg = Release|Any CPU
		{52F42C75-B40E-4FCA-9C57-3DAB29618A30}.CD_ROM|Any CPU.Build.0 = Release|Any CPU
		{52F42C75-B40E-4FCA-9C57-3DAB29618A30}.CD_ROM|Mixed Platforms.ActiveCfg = Release|Any CPU
		{52F42C75-B40E-4FCA-9C57-3DAB29618A30}.CD_ROM|Mixed Platforms.Build.0 = Release|Any CPU
		{52F42C75-B40E-4FCA-9C57-3DAB29618A30}.CD_ROM|x86.ActiveCfg = Release|Any CPU
		{52F42C75-B40E-4FCA-9C57-3DAB29618A30}.Debug|Any CPU.ActiveCfg = Debug|Any CPU
		{52F42C75-B40E-4FCA-9C57-3DAB29618A30}.Debug|Any CPU.Build.0 = Debug|Any CPU
		{52F42C75-B40E-4FCA-9C57-3DAB29618A30}.Debug|Mixed Platforms.ActiveCfg = Debug|Any CPU
		{52F42C75-B40E-4FCA-9C57-3DAB29618A30}.Debug|Mixed Platforms.Build.0 = Debug|Any CPU
		{52F42C75-B40E-4FCA-9C57-3DAB29618A30}.Debug|x86.ActiveCfg = Debug|Any CPU
		{52F42C75-B40E-4FCA-9C57-3DAB29618A30}.DVD-5|Any CPU.ActiveCfg = Debug|Any CPU
		{52F42C75-B40E-4FCA-9C57-3DAB29618A30}.DVD-5|Any CPU.Build.0 = Debug|Any CPU
		{52F42C75-B40E-4FCA-9C57-3DAB29618A30}.DVD-5|Mixed Platforms.ActiveCfg = Debug|Any CPU
		{52F42C75-B40E-4FCA-9C57-3DAB29618A30}.DVD-5|Mixed Platforms.Build.0 = Debug|Any CPU
		{52F42C75-B40E-4FCA-9C57-3DAB29618A30}.DVD-5|x86.ActiveCfg = Debug|Any CPU
		{52F42C75-B40E-4FCA-9C57-3DAB29618A30}.Release|Any CPU.ActiveCfg = Release|Any CPU
		{52F42C75-B40E-4FCA-9C57-3DAB29618A30}.Release|Any CPU.Build.0 = Release|Any CPU
		{52F42C75-B40E-4FCA-9C57-3DAB29618A30}.Release|Mixed Platforms.ActiveCfg = Release|Any CPU
		{52F42C75-B40E-4FCA-9C57-3DAB29618A30}.Release|Mixed Platforms.Build.0 = Release|Any CPU
		{52F42C75-B40E-4FCA-9C57-3DAB29618A30}.Release|x86.ActiveCfg = Release|Any CPU
		{52F42C75-B40E-4FCA-9C57-3DAB29618A30}.SingleImage|Any CPU.ActiveCfg = Release|Any CPU
		{52F42C75-B40E-4FCA-9C57-3DAB29618A30}.SingleImage|Any CPU.Build.0 = Release|Any CPU
		{52F42C75-B40E-4FCA-9C57-3DAB29618A30}.SingleImage|Mixed Platforms.ActiveCfg = Release|Any CPU
		{52F42C75-B40E-4FCA-9C57-3DAB29618A30}.SingleImage|Mixed Platforms.Build.0 = Release|Any CPU
		{52F42C75-B40E-4FCA-9C57-3DAB29618A30}.SingleImage|x86.ActiveCfg = Release|Any CPU
		{E3C181DC-0D52-450E-AC6D-D0D6B3E70449}.CD_ROM|Any CPU.ActiveCfg = Release|Any CPU
		{E3C181DC-0D52-450E-AC6D-D0D6B3E70449}.CD_ROM|Any CPU.Build.0 = Release|Any CPU
		{E3C181DC-0D52-450E-AC6D-D0D6B3E70449}.CD_ROM|Mixed Platforms.ActiveCfg = Release|Any CPU
		{E3C181DC-0D52-450E-AC6D-D0D6B3E70449}.CD_ROM|Mixed Platforms.Build.0 = Release|Any CPU
		{E3C181DC-0D52-450E-AC6D-D0D6B3E70449}.CD_ROM|x86.ActiveCfg = Release|Any CPU
		{E3C181DC-0D52-450E-AC6D-D0D6B3E70449}.Debug|Any CPU.ActiveCfg = Debug|Any CPU
		{E3C181DC-0D52-450E-AC6D-D0D6B3E70449}.Debug|Any CPU.Build.0 = Debug|Any CPU
		{E3C181DC-0D52-450E-AC6D-D0D6B3E70449}.Debug|Mixed Platforms.ActiveCfg = Debug|Any CPU
		{E3C181DC-0D52-450E-AC6D-D0D6B3E70449}.Debug|Mixed Platforms.Build.0 = Debug|Any CPU
		{E3C181DC-0D52-450E-AC6D-D0D6B3E70449}.Debug|x86.ActiveCfg = Debug|Any CPU
		{E3C181DC-0D52-450E-AC6D-D0D6B3E70449}.DVD-5|Any CPU.ActiveCfg = Debug|Any CPU
		{E3C181DC-0D52-450E-AC6D-D0D6B3E70449}.DVD-5|Any CPU.Build.0 = Debug|Any CPU
		{E3C181DC-0D52-450E-AC6D-D0D6B3E70449}.DVD-5|Mixed Platforms.ActiveCfg = Debug|Any CPU
		{E3C181DC-0D52-450E-AC6D-D0D6B3E70449}.DVD-5|Mixed Platforms.Build.0 = Debug|Any CPU
		{E3C181DC-0D52-450E-AC6D-D0D6B3E70449}.DVD-5|x86.ActiveCfg = Debug|Any CPU
		{E3C181DC-0D52-450E-AC6D-D0D6B3E70449}.Release|Any CPU.ActiveCfg = Release|Any CPU
		{E3C181DC-0D52-450E-AC6D-D0D6B3E70449}.Release|Any CPU.Build.0 = Release|Any CPU
		{E3C181DC-0D52-450E-AC6D-D0D6B3E70449}.Release|Mixed Platforms.ActiveCfg = Release|Any CPU
		{E3C181DC-0D52-450E-AC6D-D0D6B3E70449}.Release|Mixed Platforms.Build.0 = Release|Any CPU
		{E3C181DC-0D52-450E-AC6D-D0D6B3E70449}.Release|x86.ActiveCfg = Release|Any CPU
		{E3C181DC-0D52-450E-AC6D-D0D6B3E70449}.SingleImage|Any CPU.ActiveCfg = Release|Any CPU
		{E3C181DC-0D52-450E-AC6D-D0D6B3E70449}.SingleImage|Any CPU.Build.0 = Release|Any CPU
		{E3C181DC-0D52-450E-AC6D-D0D6B3E70449}.SingleImage|Mixed Platforms.ActiveCfg = Release|Any CPU
		{E3C181DC-0D52-450E-AC6D-D0D6B3E70449}.SingleImage|Mixed Platforms.Build.0 = Release|Any CPU
		{E3C181DC-0D52-450E-AC6D-D0D6B3E70449}.SingleImage|x86.ActiveCfg = Release|Any CPU
		{10FABBBB-2786-4283-8DB7-A85749623BA2}.CD_ROM|Any CPU.ActiveCfg = Release|Any CPU
		{10FABBBB-2786-4283-8DB7-A85749623BA2}.CD_ROM|Any CPU.Build.0 = Release|Any CPU
		{10FABBBB-2786-4283-8DB7-A85749623BA2}.CD_ROM|Mixed Platforms.ActiveCfg = Release|Any CPU
		{10FABBBB-2786-4283-8DB7-A85749623BA2}.CD_ROM|Mixed Platforms.Build.0 = Release|Any CPU
		{10FABBBB-2786-4283-8DB7-A85749623BA2}.CD_ROM|x86.ActiveCfg = Release|Any CPU
		{10FABBBB-2786-4283-8DB7-A85749623BA2}.Debug|Any CPU.ActiveCfg = Debug|Any CPU
		{10FABBBB-2786-4283-8DB7-A85749623BA2}.Debug|Any CPU.Build.0 = Debug|Any CPU
		{10FABBBB-2786-4283-8DB7-A85749623BA2}.Debug|Mixed Platforms.ActiveCfg = Debug|Any CPU
		{10FABBBB-2786-4283-8DB7-A85749623BA2}.Debug|Mixed Platforms.Build.0 = Debug|Any CPU
		{10FABBBB-2786-4283-8DB7-A85749623BA2}.Debug|x86.ActiveCfg = Debug|Any CPU
		{10FABBBB-2786-4283-8DB7-A85749623BA2}.DVD-5|Any CPU.ActiveCfg = Debug|Any CPU
		{10FABBBB-2786-4283-8DB7-A85749623BA2}.DVD-5|Any CPU.Build.0 = Debug|Any CPU
		{10FABBBB-2786-4283-8DB7-A85749623BA2}.DVD-5|Mixed Platforms.ActiveCfg = Debug|Any CPU
		{10FABBBB-2786-4283-8DB7-A85749623BA2}.DVD-5|Mixed Platforms.Build.0 = Debug|Any CPU
		{10FABBBB-2786-4283-8DB7-A85749623BA2}.DVD-5|x86.ActiveCfg = Debug|Any CPU
		{10FABBBB-2786-4283-8DB7-A85749623BA2}.Release|Any CPU.ActiveCfg = Release|Any CPU
		{10FABBBB-2786-4283-8DB7-A85749623BA2}.Release|Any CPU.Build.0 = Release|Any CPU
		{10FABBBB-2786-4283-8DB7-A85749623BA2}.Release|Mixed Platforms.ActiveCfg = Release|Any CPU
		{10FABBBB-2786-4283-8DB7-A85749623BA2}.Release|Mixed Platforms.Build.0 = Release|Any CPU
		{10FABBBB-2786-4283-8DB7-A85749623BA2}.Release|x86.ActiveCfg = Release|Any CPU
		{10FABBBB-2786-4283-8DB7-A85749623BA2}.SingleImage|Any CPU.ActiveCfg = Release|Any CPU
		{10FABBBB-2786-4283-8DB7-A85749623BA2}.SingleImage|Any CPU.Build.0 = Release|Any CPU
		{10FABBBB-2786-4283-8DB7-A85749623BA2}.SingleImage|Mixed Platforms.ActiveCfg = Release|Any CPU
		{10FABBBB-2786-4283-8DB7-A85749623BA2}.SingleImage|Mixed Platforms.Build.0 = Release|Any CPU
		{10FABBBB-2786-4283-8DB7-A85749623BA2}.SingleImage|x86.ActiveCfg = Release|Any CPU
	EndGlobalSection
	GlobalSection(SolutionProperties) = preSolution
		HideSolutionNode = FALSE
	EndGlobalSection
EndGlobal
